
Microsoft Visual Studio Solution File, Format Version 12.00
# Visual Studio Version 17
VisualStudioVersion = 17.0.31903.59
MinimumVisualStudioVersion = 10.0.40219.1
Project("{2150E333-8FDC-42A3-9474-1A3956D46DE8}") = "src", "src", "{3170212A-6FCF-4151-9148-97D6E0842D89}"
EndProject
Project("{FAE04EC0-301F-11D3-BF4B-00C04F79EFBC}") = "lanco-incidents-func", "src\lanco-incidents-func\lanco-incidents-func.csproj", "{03FA93C9-41B1-4F20-A3F1-6366AD6608C2}"
EndProject
Project("{2150E333-8FDC-42A3-9474-1A3956D46DE8}") = "tests", "tests", "{C6570F71-8329-489E-A8C5-354F48E12701}"
EndProject
Project("{FAE04EC0-301F-11D3-BF4B-00C04F79EFBC}") = "LancoIncidentsFunc.Tests", "tests\LancoIncidentsFunc.Tests\LancoIncidentsFunc.Tests.csproj", "{7011B293-FB40-4A79-BF46-8AA3CBE78D23}"
EndProject
Global
	GlobalSection(SolutionConfigurationPlatforms) = preSolution
		Debug|Any CPU = Debug|Any CPU
		Release|Any CPU = Release|Any CPU
	EndGlobalSection
	GlobalSection(SolutionProperties) = preSolution
		HideSolutionNode = FALSE
	EndGlobalSection
	GlobalSection(ProjectConfigurationPlatforms) = postSolution
		{03FA93C9-41B1-4F20-A3F1-6366AD6608C2}.Debug|Any CPU.ActiveCfg = Debug|Any CPU
		{03FA93C9-41B1-4F20-A3F1-6366AD6608C2}.Debug|Any CPU.Build.0 = Debug|Any CPU
		{03FA93C9-41B1-4F20-A3F1-6366AD6608C2}.Release|Any CPU.ActiveCfg = Release|Any CPU
		{03FA93C9-41B1-4F20-A3F1-6366AD6608C2}.Release|Any CPU.Build.0 = Release|Any CPU
		{7011B293-FB40-4A79-BF46-8AA3CBE78D23}.Debug|Any CPU.ActiveCfg = Debug|Any CPU
		{7011B293-FB40-4A79-BF46-8AA3CBE78D23}.Debug|Any CPU.Build.0 = Debug|Any CPU
		{7011B293-FB40-4A79-BF46-8AA3CBE78D23}.Release|Any CPU.ActiveCfg = Release|Any CPU
		{7011B293-FB40-4A79-BF46-8AA3CBE78D23}.Release|Any CPU.Build.0 = Release|Any CPU
	EndGlobalSection
	GlobalSection(NestedProjects) = preSolution
		{03FA93C9-41B1-4F20-A3F1-6366AD6608C2} = {3170212A-6FCF-4151-9148-97D6E0842D89}
		{7011B293-FB40-4A79-BF46-8AA3CBE78D23} = {C6570F71-8329-489E-A8C5-354F48E12701}
	EndGlobalSection
EndGlobal
